# Hash-locked wheels for CPython 3.12 on macOS arm64.
# Update versions and hashes together after reviewing upstream releases.

appdirs==1.4.4 \
    --hash=sha256:a841dacd6b99318a741b166adb07e19ee71a274450e68237b4650ca1055ab128
astropy==7.2.0 \
    --hash=sha256:52e9a7d9c86b21f1af911a2930cd0c4a275fb302d455c89e11eedaffef6f2ad0
astropy-iers-data==0.2026.5.25.1.14.13 \
    --hash=sha256:6cf42bbe05299378d6b109493de136e0bb07f4b39d7051f8d34f84e5f996c9e0
astroquery==0.4.11 \
    --hash=sha256:e34f114b285dd07a10ddb2065ebce829b01b0e740fd89dbc81a3077808e24b2d
beautifulsoup4==4.15.0 \
    --hash=sha256:d6f88de62e1d4e38ecb1077eb9724cd0eff29d2a08ca16a401e9b9e93f117cf9
certifi==2026.5.20 \
    --hash=sha256:3c52e209ba0a4ad7aebe60436a4ab349c39e1e602e8c134221e546902ad25897
charset-normalizer==3.4.7 \
    --hash=sha256:eca9705049ad3c7345d574e3510665cb2cf844c2f2dcfe675332677f081cbd46
coloredlogs==15.0.1 \
    --hash=sha256:612ee75c546f53e92e70049c9dbfcc18c935a2b9a53b66085ce9ef6a6e5c0934
contourpy==1.3.3 \
    --hash=sha256:556dba8fb6f5d8742f2923fe9457dbdd51e1049c4a43fd3986a0b14a1d815fc6
cycler==0.12.1 \
    --hash=sha256:85cef7cff222d8644161529808465972e51340599459b8ac3ccbac5a854e0d30
einops==0.8.2 \
    --hash=sha256:54058201ac7087911181bfec4af6091bb59380360f069276601256a76af08193
exifread==3.5.1 \
    --hash=sha256:e5426ce2857423ad401e575ea9d159dc97449dc041fb6e61b35109caea72c311
filelock==3.29.0 \
    --hash=sha256:96f5f6344709aa1572bbf631c640e4ebeeb519e08da902c39a001882f30ac258
flatbuffers==25.12.19 \
    --hash=sha256:7634f50c427838bb021c2d66a3d1168e9d199b0607e6329399f04846d42e20b4
fonttools==4.63.0 \
    --hash=sha256:37dd23e621e3b0aef1baa70a303b80aaf38449632cfc8fd2a55fb285bbccfc02
fsspec==2026.4.0 \
    --hash=sha256:11ef7bb35dab8a394fde6e608221d5cf3e8499401c249bebaeaad760a1a8dec2
html5lib==1.1 \
    --hash=sha256:0d78f8fde1c230e99fe37986a60526d7049ed4bf8a9fadbad5f00e22e58e041d
humanfriendly==10.0 \
    --hash=sha256:1697e1a8a8f550fd43c2865cd84542fc175a61dcb779b6fee18cf6b6ccba1477
idna==3.17 \
    --hash=sha256:466e48829084efe2548012b855df21540b96f2e20e51bd124c851536556a592c
imageio==2.37.4 \
    --hash=sha256:1ab2e22c8debf700f24c3ac43e8f95f3b3a8110c83b93411e97b4b0b2cd1c7e6
jaraco-classes==3.4.0 \
    --hash=sha256:f662826b6bed8cace05e7ff873ce0f9283b5c924470fe664fff1c2f00f581790
jaraco-context==6.1.2 \
    --hash=sha256:bf8150b79a2d5d91ae48629d8b427a8f7ba0e1097dd6202a9059f29a36379535
jaraco-functools==4.6.0 \
    --hash=sha256:99e3dc0060c5cbe8fcd1cdb36258e2a65ca40f1566b2033b12abb1bb44dd3c30
jinja2==3.1.6 \
    --hash=sha256:85ece4451f492d0c13c5dd7c13a64681a86afae63a5f347908daf103ce6d2f67
joblib==1.5.3 \
    --hash=sha256:5fc3c5039fc5ca8c0276333a188bbd59d6b7ab37fe6632daa76bc7f9ec18e713
keyring==25.7.0 \
    --hash=sha256:be4a0b195f149690c166e850609a477c532ddbfbaed96a404d4e43f8d5e2689f
kiwisolver==1.5.0 \
    --hash=sha256:ed3a984b31da7481b103f68776f7128a89ef26ed40f4dc41a2223cda7fb24819
largestinteriorrectangle==0.2.1 \
    --hash=sha256:ff84fc9659ebcf6445ce3ec14eb083c9301f06260c5b58c429e8bf46efe91fdb
lazy-loader==0.5 \
    --hash=sha256:ab0ea149e9c554d4ffeeb21105ac60bed7f3b4fd69b1d2360a4add51b170b005
llvmlite==0.48.0 \
    --hash=sha256:d66c3beb4209087ddd4cf4ed2a0856b6887e6a913bdcf1aacfec9851cf2cba4e
lz4==4.4.5 \
    --hash=sha256:6d0bf51e7745484d2092b3a51ae6eb58c3bd3ce0300cf2b2c14f76c536d5697a
markupsafe==3.0.3 \
    --hash=sha256:1872df69a4de6aead3491198eaf13810b565bdbeec3ae2dc8780f14458ec73ce
matplotlib==3.11.1 \
    --hash=sha256:21a67b961a6d597bca54fae826cd20695ba4a6e4d05424a08da6e13e3176fd6b
ml-dtypes==0.5.4 \
    --hash=sha256:a174837a64f5b16cab6f368171a1a03a27936b31699d167684073ff1c4237dac
more-itertools==11.1.0 \
    --hash=sha256:4b65538ae22f6fed0ce4874efd317463a7489796a0939fa66824dd542125a192
mpmath==1.3.0 \
    --hash=sha256:a0b2b9fe80bbcd81a6647ff13108738cfb482d481d826cc0e02f5b35e5c88d2c
narwhals==2.24.0 \
    --hash=sha256:42fdedf44e5b2ca7505630d45b4ac3058f38d8485cba9fe1652ca23152df7489
networkx==3.6.1 \
    --hash=sha256:d47fbf302e7d9cbbb9e2555a0d267983d2aa476bac30e90dfbe5669bd57f3762
numba==0.66.0 \
    --hash=sha256:53ca5900b7cab15109796030113a6b28576bae5ad7bb507ad6dd1360ddd81ba4
numpy==2.4.6 \
    --hash=sha256:3213d622a0283a39a93d188f3cf72b26862df52fbb4ca3697f51705016523d41
onnx==1.22.0 \
    --hash=sha256:596fbf0490947533c1c1045ba860851dc9fb77471023dac9a71ba5b42ceab103
onnxruntime==1.26.0 \
    --hash=sha256:05b028781b322ad74b57ce5b50aa5280bb1fe96ceec334628ade681e0b24c1ac
opencv-python-headless==4.13.0.92 \
    --hash=sha256:1a7d040ac656c11b8c38677cc8cccdc149f98535089dbe5b081e80a4e5903209
packaging==26.2 \
    --hash=sha256:5fc45236b9446107ff2415ce77c807cee2862cb6fac22b8a73826d0693b0980e
pandas==3.0.5 \
    --hash=sha256:c2e26bb46934b8a2ca0c3de1d3d606fc5f6746584791b2db264d58cf370e08dc
photutils==3.0.0 \
    --hash=sha256:1faa9da37a2fb46c2ef527bf2bba00df268553635758032497163ef2c5e83c4a
pillow==12.2.0 \
    --hash=sha256:f3f40b3c5a968281fd507d519e444c35f0ff171237f4fdde090dd60699458421
platformdirs==4.10.0 \
    --hash=sha256:fb516cdb12eb0d857d0cd85a7c57cea4d060bee4578d6cf5a14dfdf8cbf8784a
protobuf==7.35.0 \
    --hash=sha256:66be6c513931c794fa92c080ffee41671390da3d79da219cf9c0c0907f035dda
psutil==7.2.2 \
    --hash=sha256:1a7b04c10f32cc88ab39cbf606e117fd74721c831c98a27dc04578deb0c16979
pyerfa==2.0.1.5 \
    --hash=sha256:be1aeb70390dd03a34faf96749d5cabc58437410b4aab7213c512323932427df
pyparsing==3.3.2 \
    --hash=sha256:850ba148bd908d7e2411587e247a1e4f0327839c40e2e5e6d05a007ecc69911d
pyqt6==6.11.0 \
    --hash=sha256:f7100bc7f72b12581ec479a733f4ad11b8002668e6786e8a445ab6f4d1c743d4
pyqt6-qt6==6.11.1 \
    --hash=sha256:fd05b31a3c83111b6eb82bb472ccfe531ef823f70d085b82fd1edc5ad2553c54
pyqt6-sip==13.11.1 \
    --hash=sha256:ba9d362dd1e54b43bc2594f8841e1e39d24789716d28f08e5c9282af9fca342c
pyside6==6.11.1 \
    --hash=sha256:537682c3b7530817203e667c1f5a2f00486b37bf52c52eeab438544c7a0917f6
pyside6-addons==6.11.1 \
    --hash=sha256:54733c77f789bef5f03c6aff4ad3bec8b2eff021f0cfcbc53d5e6c250ded24f9
pyside6-essentials==6.11.1 \
    --hash=sha256:228de53c2bc26b07e5021fbe3614fc44ca08e4dab9999af08c2b389d2c239957
python-dateutil==2.9.0.post0 \
    --hash=sha256:a8b2bc7bffae282281c8140a97d3aa9c14da0b136dfe83f850eea9a5f7470427
pyvo==1.9.1 \
    --hash=sha256:098648d00943440f56c1d00ac76330433578a0725ea6187afaa6bae08545bb53
pyyaml==6.0.3 \
    --hash=sha256:fc09d0aa354569bc501d4e787133afc08552722d3ab34836a80547331bb5d4a0
qt-themes==0.4.0 \
    --hash=sha256:ff754bd5ecd0bd54caf49260939c9d1454d2967240bd6973420bd3fb9ef32c1e
qtpy==2.4.3 \
    --hash=sha256:72095afe13673e017946cc258b8d5da43314197b741ed2890e563cf384b51aa1
requests==2.34.2 \
    --hash=sha256:2a0d60c172f83ac6ab31e4554906c0f3b3588d37b5cb939b1c061f4907e278e0
safetensors==0.7.0 \
    --hash=sha256:94fd4858284736bb67a897a41608b5b0c2496c9bdb3bf2af1fa3409127f20d57
scikit-image==0.26.0 \
    --hash=sha256:3409e89d66eff5734cd2b672d1c48d2759360057e714e1d92a11df82c87cba37
scikit-learn==1.9.0 \
    --hash=sha256:5be45aa4a42a68a533913a6ed736cf309de2226411c79ef8d609a5456f1939b1
scipy==1.17.1 \
    --hash=sha256:cc90d2e9c7e5c7f1a482c9875007c095c3194b1cfedca3c2f3291cdc2bc7c086
sep==1.4.1 \
    --hash=sha256:e3a92bd46657a76b46ce3693820e7917f7b5f1232e3127f6e5ecc8d9ae65ac98
setiastrosuitepro==1.16.14.post1 \
    --hash=sha256:3ca7d4d26be27d359023f0070f486a298e167352404581d869786674673fbe56
setuptools==81.0.0 \
    --hash=sha256:fdd925d5c5d9f62e4b74b30d6dd7828ce236fd6ed998a08d81de62ce5a6310d6
shiboken6==6.11.1 \
    --hash=sha256:1a16867f103ef1c662a5f09dfed03273a9f81688b174555162c58e83650a3f02
six==1.17.0 \
    --hash=sha256:4721f391ed90541fddacab5acf947aa0d3dc7d27b2e1e8eda2be8970586c3274
soupsieve==2.9.1 \
    --hash=sha256:4f4477399246b7a0c720a88ca2454b11cd6bb9ae4c9d170140786e916776c14c
spandrel==0.4.2 \
    --hash=sha256:6c93e3ecbeb0e548fd2df45a605472b34c1614287c56b51bb33cdef7ae5235b5
sympy==1.14.0 \
    --hash=sha256:e091cc3e99d2141a0ba2847328f5479b05d94a6635cb96148ccb3f34671bd8f5
threadpoolctl==3.6.0 \
    --hash=sha256:43a0b8fd5a2928500110039e43a5eed8480b918967083ea48dc3ab9f13c4a7fb
tifffile==2026.5.15 \
    --hash=sha256:6715515a53cabc0cefc5c9f13a0ae2c250e63e2ca784ce02d0b6c333810c2a17
torch==2.12.0 \
    --hash=sha256:b41339df93d491435e790ff8bcbae1c0ce777175889bfd1281d119862793e6a2
torchvision==0.27.0 \
    --hash=sha256:1a6dd742a150645126df9e0b2e449874c1d635897c773b322c2e067e98382dfe
typing-extensions==4.15.0 \
    --hash=sha256:f0fa19c6845758ab08074a0cfa8b7aecb71c999ca73d62883bc25cc018c4e548
urllib3==2.7.0 \
    --hash=sha256:9fb4c81ebbb1ce9531cce37674bbc6f1360472bc18ca9a553ede278ef7276897
webencodings==0.5.1 \
    --hash=sha256:a0af1213f3c2226497a97e2b3aa01a7e4bee4f403f95be16fc9acd2947514a78
wheel==0.47.0 \
    --hash=sha256:212281cab4dff978f6cedd499cd893e1f620791ca6ff7107cf270781e587eced
zstandard==0.25.0 \
    --hash=sha256:913cbd31a400febff93b564a23e17c3ed2d56c064006f54efec210d586171c00
